{
  "name": "acl-magic",
  "version": "1.0.11",
  "lockfileVersion": 2,
  "requires": true,
  "packages": {
    "": {
      "name": "acl-magic",
      "version": "1.0.11",
      "dependencies": {
        "asynchron": ">=1.0.18",
        "double-check": ">=0.1.5",
        "safebox": ">=0.2.1",
        "whys": "^0.2.2"
      },
      "engines": {
        "node": ">=0.6.0"
      }
    },
    "node_modules/asynchron": {
      "version": "1.0.21",
      "resolved": "https://registry.npmjs.org/asynchron/-/asynchron-1.0.21.tgz",
      "integrity": "sha512-2SDWxB/inHyiORy2HyGP2QfjxoMiuTWM6E/2dUIpgr9qJdq6SJWlS4KdO71VSdXlDnSHbjR5mSfiAkmkHNbYFA==",
      "dependencies": {
        "q": "=1.2.0"
      },
      "engines": {
        "node": ">=0.6.0"
      }
    },
    "node_modules/double-check": {
      "version": "0.2.1",
      "resolved": "https://registry.npmjs.org/double-check/-/double-check-0.2.1.tgz",
      "integrity": "sha512-i0YuqTx+Aa4FDfSuto4nrXbvOKTVGn5ujpSxVQ/VZQd5jMBfjmYoN9ASIZ5qmT7kUyCgIJzBEkQ82QFjTaAVpQ==",
      "engines": {
        "node": ">=0.10.0"
      }
    },
    "node_modules/q": {
      "version": "1.2.0",
      "resolved": "https://registry.npmjs.org/q/-/q-1.2.0.tgz",
      "integrity": "sha512-8CjKHv3iiFObVUyfObnGfIVm+b9VmovTMUN6TPyCoadFBQJ0vKHZMXMkWyP9o8xexhWDIqiO7crplBcAXqOWwQ==",
      "engines": {
        "node": ">=0.6.0",
        "teleport": ">=0.2.0"
      }
    },
    "node_modules/safebox": {
      "version": "0.2.1",
      "resolved": "https://registry.npmjs.org/safebox/-/safebox-0.2.1.tgz",
      "integrity": "sha512-0VxaB29yftzpE4PhvZyERtU7UwgFe023k2Pqq4A23ZkBe5N9tVTqBftxKjH4cZx0+axYmLP05riLO2l3VAElzg==",
      "engines": {
        "node": ">=0.10.0"
      }
    },
    "node_modules/whys": {
      "version": "0.2.2",
      "resolved": "https://registry.npmjs.org/whys/-/whys-0.2.2.tgz",
      "integrity": "sha512-pST1zu7VvY1gOn8TkslMacwq9m/YVRYms8Fl0pUPNdfZbS50Zd1NbtR8bIqIVOr0Y6RzviT/W/KbKuXvAQg52Q==",
      "engines": {
        "node": ">=0.10.0"
      }
    }
  },
  "dependencies": {
    "asynchron": {
      "version": "1.0.21",
      "resolved": "https://registry.npmjs.org/asynchron/-/asynchron-1.0.21.tgz",
      "integrity": "sha512-2SDWxB/inHyiORy2HyGP2QfjxoMiuTWM6E/2dUIpgr9qJdq6SJWlS4KdO71VSdXlDnSHbjR5mSfiAkmkHNbYFA==",
      "requires": {
        "q": "=1.2.0"
      }
    },
    "double-check": {
      "version": "0.2.1",
      "resolved": "https://registry.npmjs.org/double-check/-/double-check-0.2.1.tgz",
      "integrity": "sha512-i0YuqTx+Aa4FDfSuto4nrXbvOKTVGn5ujpSxVQ/VZQd5jMBfjmYoN9ASIZ5qmT7kUyCgIJzBEkQ82QFjTaAVpQ=="
    },
    "q": {
      "version": "1.2.0",
      "resolved": "https://registry.npmjs.org/q/-/q-1.2.0.tgz",
      "integrity": "sha512-8CjKHv3iiFObVUyfObnGfIVm+b9VmovTMUN6TPyCoadFBQJ0vKHZMXMkWyP9o8xexhWDIqiO7crplBcAXqOWwQ=="
    },
    "safebox": {
      "version": "0.2.1",
      "resolved": "https://registry.npmjs.org/safebox/-/safebox-0.2.1.tgz",
      "integrity": "sha512-0VxaB29yftzpE4PhvZyERtU7UwgFe023k2Pqq4A23ZkBe5N9tVTqBftxKjH4cZx0+axYmLP05riLO2l3VAElzg=="
    },
    "whys": {
      "version": "0.2.2",
      "resolved": "https://registry.npmjs.org/whys/-/whys-0.2.2.tgz",
      "integrity": "sha512-pST1zu7VvY1gOn8TkslMacwq9m/YVRYms8Fl0pUPNdfZbS50Zd1NbtR8bIqIVOr0Y6RzviT/W/KbKuXvAQg52Q=="
    }
  }
}
